
Microsoft Visual Studio Solution File, Format Version 12.00
# Visual Studio Version 17
VisualStudioVersion = 17.5.002.0
MinimumVisualStudioVersion = 10.0.40219.1
Project("{9A19103F-16F7-4668-BE54-9A1E7A4F7556}") = "DesafioPOO", "DesafioPOO.csproj", "{5306231F-911C-486B-A528-A32027467C44}"
EndProject
Global
	GlobalSection(SolutionConfigurationPlatforms) = preSolution
		Debug|Any CPU = Debug|Any CPU
		Release|Any CPU = Release|Any CPU
	EndGlobalSection
	GlobalSection(ProjectConfigurationPlatforms) = postSolution
		{5306231F-911C-486B-A528-A32027467C44}.Debug|Any CPU.ActiveCfg = Debug|Any CPU
		{5306231F-911C-486B-A528-A32027467C44}.Debug|Any CPU.Build.0 = Debug|Any CPU
		{5306231F-911C-486B-A528-A32027467C44}.Release|Any CPU.ActiveCfg = Release|Any CPU
		{5306231F-911C-486B-A528-A32027467C44}.Release|Any CPU.Build.0 = Release|Any CPU
	EndGlobalSection
	GlobalSection(SolutionProperties) = preSolution
		HideSolutionNode = FALSE
	EndGlobalSection
	GlobalSection(ExtensibilityGlobals) = postSolution
		SolutionGuid = {5B78A1DA-3DCE-454B-9D7A-BBA8E5631A98}
	EndGlobalSection
EndGlobal
